
Microsoft Visual Studio Solution File, Format Version 12.00
# Visual Studio Version 17
VisualStudioVersion = 17.5.002.0
MinimumVisualStudioVersion = 10.0.40219.1
Project("{9A19103F-16F7-4668-BE54-9A1E7A4F7556}") = "OOP_Arv", "OOP_Arv.csproj", "{93F7E8A1-CBF8-4595-AFDE-1823DA32CF63}"
EndProject
Global
	GlobalSection(SolutionConfigurationPlatforms) = preSolution
		Debug|Any CPU = Debug|Any CPU
		Release|Any CPU = Release|Any CPU
	EndGlobalSection
	GlobalSection(ProjectConfigurationPlatforms) = postSolution
		{93F7E8A1-CBF8-4595-AFDE-1823DA32CF63}.Debug|Any CPU.ActiveCfg = Debug|Any CPU
		{93F7E8A1-CBF8-4595-AFDE-1823DA32CF63}.Debug|Any CPU.Build.0 = Debug|Any CPU
		{93F7E8A1-CBF8-4595-AFDE-1823DA32CF63}.Release|Any CPU.ActiveCfg = Release|Any CPU
		{93F7E8A1-CBF8-4595-AFDE-1823DA32CF63}.Release|Any CPU.Build.0 = Release|Any CPU
	EndGlobalSection
	GlobalSection(SolutionProperties) = preSolution
		HideSolutionNode = FALSE
	EndGlobalSection
	GlobalSection(ExtensibilityGlobals) = postSolution
		SolutionGuid = {C6134012-4853-4865-BFB2-D076C21067E6}
	EndGlobalSection
EndGlobal
