
Microsoft Visual Studio Solution File, Format Version 12.00
# Visual Studio Version 17
VisualStudioVersion = 17.5.002.0
MinimumVisualStudioVersion = 10.0.40219.1
Project("{9A19103F-16F7-4668-BE54-9A1E7A4F7556}") = "Northwind_EF", "Northwind_EF.csproj", "{89E20F73-9DF3-4AE2-B986-84283046F0DD}"
EndProject
Global
	GlobalSection(SolutionConfigurationPlatforms) = preSolution
		Debug|Any CPU = Debug|Any CPU
		Release|Any CPU = Release|Any CPU
	EndGlobalSection
	GlobalSection(ProjectConfigurationPlatforms) = postSolution
		{89E20F73-9DF3-4AE2-B986-84283046F0DD}.Debug|Any CPU.ActiveCfg = Debug|Any CPU
		{89E20F73-9DF3-4AE2-B986-84283046F0DD}.Debug|Any CPU.Build.0 = Debug|Any CPU
		{89E20F73-9DF3-4AE2-B986-84283046F0DD}.Release|Any CPU.ActiveCfg = Release|Any CPU
		{89E20F73-9DF3-4AE2-B986-84283046F0DD}.Release|Any CPU.Build.0 = Release|Any CPU
	EndGlobalSection
	GlobalSection(SolutionProperties) = preSolution
		HideSolutionNode = FALSE
	EndGlobalSection
	GlobalSection(ExtensibilityGlobals) = postSolution
		SolutionGuid = {316D4053-B337-4C7E-BBB5-E145B49D1410}
	EndGlobalSection
EndGlobal
